{
  "requires": true,
  "lockfileVersion": 1,
  "dependencies": {
    "smooch": {
      "version": "4.14.2",
      "resolved": "https://registry.npmjs.org/smooch/-/smooch-4.14.2.tgz",
      "integrity": "sha512-eL92JVnaadqldDfkNcj7gCQGinOU8ITBWU1Zej4tD34XgbX/Iraxb+WqgYVP3ui3SwlcrD/FGT003vwgRQZROA=="
    }
  }
}
